<?xml version="1.0" encoding="utf-8"?>
<Project ToolsVersion="4.0" xmlns="http://schemas.microsoft.com/developer/msbuild/2003">
  <ItemGroup>
    <Filter Include="Source Files">
      <UniqueIdentifier>{4FC737F1-C7A5-4376-A066-2A32D752A2FF}</UniqueIdentifier>
      <Extensions>cpp;c;cc;cxx;c++;cppm;ixx;def;odl;idl;hpj;bat;asm;asmx</Extensions>
    </Filter>
    <Filter Include="Header Files">
      <UniqueIdentifier>{93995380-89BD-4b04-88EB-625FBE52EBFB}</UniqueIdentifier>
      <Extensions>h;hh;hpp;hxx;h++;hm;inl;inc;ipp;xsd</Extensions>
    </Filter>
    <Filter Include="Resource Files">
      <UniqueIdentifier>{67DA6AB6-F800-4c08-8B7A-83BB121AAD01}</UniqueIdentifier>
      <Extensions>rc;ico;cur;bmp;dlg;rc2;rct;bin;rgs;gif;jpg;jpeg;jpe;resx;tiff;tif;png;wav;mfcribbon-ms</Extensions>
    </Filter>
    <Filter Include="Source Files\WhiteBelt">
      <UniqueIdentifier>{9abbb430-5925-4f46-8726-d2e5fe032f07}</UniqueIdentifier>
    </Filter>
    <Filter Include="Source Files\WhiteBelt\Lectures">
      <UniqueIdentifier>{175e2cf9-4dc3-40a3-a48c-79616557cb15}</UniqueIdentifier>
    </Filter>
    <Filter Include="Source Files\WhiteBelt\Tasks">
      <UniqueIdentifier>{3606ad20-cee3-41a0-b9a2-be6974e7b286}</UniqueIdentifier>
    </Filter>
  </ItemGroup>
  <ItemGroup>
    <ClCompile Include="WhiteBelt\Lessons\W-FirstWeek.cpp">
      <Filter>Source Files\WhiteBelt\Lectures</Filter>
    </ClCompile>
    <ClCompile Include="WhiteBelt\Lessons\W-SecondWeek.cpp">
      <Filter>Source Files\WhiteBelt\Lectures</Filter>
    </ClCompile>
    <ClCompile Include="WhiteBelt\Lessons\W-ThirdWeek.cpp">
      <Filter>Source Files\WhiteBelt\Lectures</Filter>
    </ClCompile>
    <ClCompile Include="WhiteBelt\Tasks\Task1.cpp">
      <Filter>Source Files\WhiteBelt\Tasks</Filter>
    </ClCompile>
    <ClCompile Include="WhiteBelt\Tasks\Task2.cpp">
      <Filter>Source Files\WhiteBelt\Tasks</Filter>
    </ClCompile>
    <ClCompile Include="WhiteBelt\Tasks\Task3.cpp">
      <Filter>Source Files\WhiteBelt\Tasks</Filter>
    </ClCompile>
    <ClCompile Include="WhiteBelt\Tasks\Task4.cpp">
      <Filter>Source Files\WhiteBelt\Tasks</Filter>
    </ClCompile>
    <ClCompile Include="WhiteBelt\Tasks\Task5.cpp">
      <Filter>Source Files\WhiteBelt\Tasks</Filter>
    </ClCompile>
    <ClCompile Include="WhiteBelt\Tasks\Task6.cpp">
      <Filter>Source Files</Filter>
    </ClCompile>
    <ClCompile Include="WhiteBelt\Tasks\Task7.cpp">
      <Filter>Source Files</Filter>
    </ClCompile>
  </ItemGroup>
  <ItemGroup>
    <ClInclude Include="WhiteBelt\Tasks\PrintVector.h">
      <Filter>Header Files</Filter>
    </ClInclude>
  </ItemGroup>
</Project>